<?xml version="1.0" encoding="UTF-8"?>
<Project ToolsVersion="15.0" xmlns="http://schemas.microsoft.com/developer/msbuild/2003">
  <ItemGroup>
    <ClCompile Include="C:\Users\EmreAydn\Downloads\Assignment3\week_06.cpp">
      <Filter>Source Files</Filter>
    </ClCompile>
    <ClCompile Include="C:\Users\EmreAydn\Downloads\Assignment3\common\src\utils\utils.cpp">
      <Filter>utils</Filter>
    </ClCompile>
  </ItemGroup>
  <ItemGroup>
    <ClInclude Include="C:\Users\EmreAydn\Downloads\Assignment3\common\src\utils\utils.h">
      <Filter>utils</Filter>
    </ClInclude>
  </ItemGroup>
  <ItemGroup>
    <CustomBuild Include="C:\Users\EmreAydn\Downloads\Assignment3\CMakeLists.txt" />
  </ItemGroup>
  <ItemGroup>
    <Filter Include="Source Files">
      <UniqueIdentifier>{72403927-B196-38F8-9FFA-ACA3C78042E7}</UniqueIdentifier>
    </Filter>
    <Filter Include="utils">
      <UniqueIdentifier>{648B3547-F03C-35C5-9F99-CE8285F9627D}</UniqueIdentifier>
    </Filter>
  </ItemGroup>
</Project>
